// !$*UTF8*$!
{
	archiveVersion = 1;
	classes = {
	};
	objectVersion = 46;
	objects = {

/* Begin PBXBuildFile section */
		D8520F971C8B49C4003665FE /* SettingsManager.swift in Sources */ = {isa = PBXBuildFile; fileRef = D8520F961C8B49C4003665FE /* SettingsManager.swift */; };
		D8520F9C1C8B9740003665FE /* Accounts.png in Resources */ = {isa = PBXBuildFile; fileRef = D8520F981C8B9740003665FE /* Accounts.png */; };
		D8520F9D1C8B9740003665FE /* Settings.png in Resources */ = {isa = PBXBuildFile; fileRef = D8520F991C8B9740003665FE /* Settings.png */; };
		D8520F9E1C8B9740003665FE /* Summary.png in Resources */ = {isa = PBXBuildFile; fileRef = D8520F9A1C8B9740003665FE /* Summary.png */; };
		D8520F9F1C8B9740003665FE /* Transactions.png in Resources */ = {isa = PBXBuildFile; fileRef = D8520F9B1C8B9740003665FE /* Transactions.png */; };
		D8520FA11C8BA31E003665FE /* SettingsViewController.swift in Sources */ = {isa = PBXBuildFile; fileRef = D8520FA01C8BA31E003665FE /* SettingsViewController.swift */; };
		D85241AE1C704A42007CE555 /* SummaryManager.swift in Sources */ = {isa = PBXBuildFile; fileRef = D85241AD1C704A42007CE555 /* SummaryManager.swift */; };
		D85E1B501C7D5A610094E8E8 /* CoreData.framework in Frameworks */ = {isa = PBXBuildFile; fileRef = D85E1B4F1C7D5A610094E8E8 /* CoreData.framework */; };
		D85E1B5D1C7D72360094E8E8 /* Account.swift in Sources */ = {isa = PBXBuildFile; fileRef = D85E1B591C7D72360094E8E8 /* Account.swift */; };
		D85E1B5F1C7D72360094E8E8 /* Transaction.swift in Sources */ = {isa = PBXBuildFile; fileRef = D85E1B5B1C7D72360094E8E8 /* Transaction.swift */; };
		D85E1B621C8557EA0094E8E8 /* BudgetCD.xcdatamodeld in Sources */ = {isa = PBXBuildFile; fileRef = D85E1B601C8557EA0094E8E8 /* BudgetCD.xcdatamodeld */; };
		D8A17AC81C87EB3900B0908D /* Settings.swift in Sources */ = {isa = PBXBuildFile; fileRef = D8A17AC41C87EB3900B0908D /* Settings.swift */; };
		D8A17ACD1C87EB7000B0908D /* Account+CoreDataProperties.swift in Sources */ = {isa = PBXBuildFile; fileRef = D8A17ACA1C87EB7000B0908D /* Account+CoreDataProperties.swift */; };
		D8A17ACE1C87EB7000B0908D /* Transaction+CoreDataProperties.swift in Sources */ = {isa = PBXBuildFile; fileRef = D8A17ACB1C87EB7000B0908D /* Transaction+CoreDataProperties.swift */; };
		D8A17ACF1C87EB7000B0908D /* Settings+CoreDataProperties.swift in Sources */ = {isa = PBXBuildFile; fileRef = D8A17ACC1C87EB7000B0908D /* Settings+CoreDataProperties.swift */; };
		D8A17AD11C8A10A600B0908D /* LocalAuthentication.framework in Frameworks */ = {isa = PBXBuildFile; fileRef = D8A17AD01C8A10A600B0908D /* LocalAuthentication.framework */; };
		D8A17AD31C8A115800B0908D /* Initial.storyboard in Resources */ = {isa = PBXBuildFile; fileRef = D8A17AD21C8A115800B0908D /* Initial.storyboard */; };
		D8A17AD51C8A120C00B0908D /* InitialViewController.swift in Sources */ = {isa = PBXBuildFile; fileRef = D8A17AD41C8A120C00B0908D /* InitialViewController.swift */; };
		D8C7A9941C5F0F0E00B37FAB /* AppDelegate.swift in Sources */ = {isa = PBXBuildFile; fileRef = D8C7A9931C5F0F0E00B37FAB /* AppDelegate.swift */; };
		D8C7A9961C5F0F0E00B37FAB /* SummaryViewController.swift in Sources */ = {isa = PBXBuildFile; fileRef = D8C7A9951C5F0F0E00B37FAB /* SummaryViewController.swift */; };
		D8C7A9981C5F0F0E00B37FAB /* AcctViewController.swift in Sources */ = {isa = PBXBuildFile; fileRef = D8C7A9971C5F0F0E00B37FAB /* AcctViewController.swift */; };
		D8C7A99B1C5F0F0E00B37FAB /* Main.storyboard in Resources */ = {isa = PBXBuildFile; fileRef = D8C7A9991C5F0F0E00B37FAB /* Main.storyboard */; settings = {ASSET_TAGS = (mainScreen, ); }; };
		D8C7A99D1C5F0F0E00B37FAB /* Assets.xcassets in Resources */ = {isa = PBXBuildFile; fileRef = D8C7A99C1C5F0F0E00B37FAB /* Assets.xcassets */; };
		D8C7A9A01C5F0F0E00B37FAB /* LaunchScreen.storyboard in Resources */ = {isa = PBXBuildFile; fileRef = D8C7A99E1C5F0F0E00B37FAB /* LaunchScreen.storyboard */; };
		D8C7A9AA1C5F158400B37FAB /* TransViewController.swift in Sources */ = {isa = PBXBuildFile; fileRef = D8C7A9A91C5F158400B37FAB /* TransViewController.swift */; };
		D8C7A9B11C5F210E00B37FAB /* AccountCache.swift in Sources */ = {isa = PBXBuildFile; fileRef = D8C7A9B01C5F210E00B37FAB /* AccountCache.swift */; };
		D8C7A9B31C5F211A00B37FAB /* TransactionCache.swift in Sources */ = {isa = PBXBuildFile; fileRef = D8C7A9B21C5F211A00B37FAB /* TransactionCache.swift */; };
/* End PBXBuildFile section */

/* Begin PBXFileReference section */
		D8520F961C8B49C4003665FE /* SettingsManager.swift */ = {isa = PBXFileReference; fileEncoding = 4; lastKnownFileType = sourcecode.swift; path = SettingsManager.swift; sourceTree = "<group>"; };
		D8520F981C8B9740003665FE /* Accounts.png */ = {isa = PBXFileReference; lastKnownFileType = image.png; name = Accounts.png; path = Images/Accounts.png; sourceTree = "<group>"; };
		D8520F991C8B9740003665FE /* Settings.png */ = {isa = PBXFileReference; lastKnownFileType = image.png; name = Settings.png; path = Images/Settings.png; sourceTree = "<group>"; };
		D8520F9A1C8B9740003665FE /* Summary.png */ = {isa = PBXFileReference; lastKnownFileType = image.png; name = Summary.png; path = Images/Summary.png; sourceTree = "<group>"; };
		D8520F9B1C8B9740003665FE /* Transactions.png */ = {isa = PBXFileReference; lastKnownFileType = image.png; name = Transactions.png; path = Images/Transactions.png; sourceTree = "<group>"; };
		D8520FA01C8BA31E003665FE /* SettingsViewController.swift */ = {isa = PBXFileReference; fileEncoding = 4; lastKnownFileType = sourcecode.swift; path = SettingsViewController.swift; sourceTree = "<group>"; };
		D85241AD1C704A42007CE555 /* SummaryManager.swift */ = {isa = PBXFileReference; fileEncoding = 4; lastKnownFileType = sourcecode.swift; path = SummaryManager.swift; sourceTree = "<group>"; };
		D85E1B4F1C7D5A610094E8E8 /* CoreData.framework */ = {isa = PBXFileReference; lastKnownFileType = wrapper.framework; name = CoreData.framework; path = System/Library/Frameworks/CoreData.framework; sourceTree = SDKROOT; };
		D85E1B591C7D72360094E8E8 /* Account.swift */ = {isa = PBXFileReference; fileEncoding = 4; lastKnownFileType = sourcecode.swift; path = Account.swift; sourceTree = "<group>"; };
		D85E1B5B1C7D72360094E8E8 /* Transaction.swift */ = {isa = PBXFileReference; fileEncoding = 4; lastKnownFileType = sourcecode.swift; path = Transaction.swift; sourceTree = "<group>"; };
		D85E1B611C8557EA0094E8E8 /* BudgetCD.xcdatamodel */ = {isa = PBXFileReference; lastKnownFileType = wrapper.xcdatamodel; path = BudgetCD.xcdatamodel; sourceTree = "<group>"; };
		D8A17AC41C87EB3900B0908D /* Settings.swift */ = {isa = PBXFileReference; fileEncoding = 4; lastKnownFileType = sourcecode.swift; path = Settings.swift; sourceTree = "<group>"; };
		D8A17ACA1C87EB7000B0908D /* Account+CoreDataProperties.swift */ = {isa = PBXFileReference; fileEncoding = 4; lastKnownFileType = sourcecode.swift; path = "Account+CoreDataProperties.swift"; sourceTree = "<group>"; };
		D8A17ACB1C87EB7000B0908D /* Transaction+CoreDataProperties.swift */ = {isa = PBXFileReference; fileEncoding = 4; lastKnownFileType = sourcecode.swift; path = "Transaction+CoreDataProperties.swift"; sourceTree = "<group>"; };
		D8A17ACC1C87EB7000B0908D /* Settings+CoreDataProperties.swift */ = {isa = PBXFileReference; fileEncoding = 4; lastKnownFileType = sourcecode.swift; path = "Settings+CoreDataProperties.swift"; sourceTree = "<group>"; };
		D8A17AD01C8A10A600B0908D /* LocalAuthentication.framework */ = {isa = PBXFileReference; lastKnownFileType = wrapper.framework; name = LocalAuthentication.framework; path = System/Library/Frameworks/LocalAuthentication.framework; sourceTree = SDKROOT; };
		D8A17AD21C8A115800B0908D /* Initial.storyboard */ = {isa = PBXFileReference; fileEncoding = 4; lastKnownFileType = file.storyboard; path = Initial.storyboard; sourceTree = "<group>"; };
		D8A17AD41C8A120C00B0908D /* InitialViewController.swift */ = {isa = PBXFileReference; fileEncoding = 4; lastKnownFileType = sourcecode.swift; name = InitialViewController.swift; path = ../InitialViewController.swift; sourceTree = "<group>"; };
		D8C7A9901C5F0F0E00B37FAB /* Smart-Budget.app */ = {isa = PBXFileReference; explicitFileType = wrapper.application; includeInIndex = 0; path = "Smart-Budget.app"; sourceTree = BUILT_PRODUCTS_DIR; };
		D8C7A9931C5F0F0E00B37FAB /* AppDelegate.swift */ = {isa = PBXFileReference; lastKnownFileType = sourcecode.swift; path = AppDelegate.swift; sourceTree = "<group>"; };
		D8C7A9951C5F0F0E00B37FAB /* SummaryViewController.swift */ = {isa = PBXFileReference; lastKnownFileType = sourcecode.swift; path = SummaryViewController.swift; sourceTree = "<group>"; };
		D8C7A9971C5F0F0E00B37FAB /* AcctViewController.swift */ = {isa = PBXFileReference; lastKnownFileType = sourcecode.swift; path = AcctViewController.swift; sourceTree = "<group>"; };
		D8C7A99A1C5F0F0E00B37FAB /* Base */ = {isa = PBXFileReference; lastKnownFileType = file.storyboard; name = Base; path = Base.lproj/Main.storyboard; sourceTree = "<group>"; };
		D8C7A99C1C5F0F0E00B37FAB /* Assets.xcassets */ = {isa = PBXFileReference; lastKnownFileType = folder.assetcatalog; path = Assets.xcassets; sourceTree = "<group>"; };
		D8C7A99F1C5F0F0E00B37FAB /* Base */ = {isa = PBXFileReference; lastKnownFileType = file.storyboard; name = Base; path = Base.lproj/LaunchScreen.storyboard; sourceTree = "<group>"; };
		D8C7A9A11C5F0F0E00B37FAB /* Info.plist */ = {isa = PBXFileReference; lastKnownFileType = text.plist.xml; path = Info.plist; sourceTree = "<group>"; };
		D8C7A9A91C5F158400B37FAB /* TransViewController.swift */ = {isa = PBXFileReference; fileEncoding = 4; lastKnownFileType = sourcecode.swift; path = TransViewController.swift; sourceTree = "<group>"; };
		D8C7A9B01C5F210E00B37FAB /* AccountCache.swift */ = {isa = PBXFileReference; fileEncoding = 4; lastKnownFileType = sourcecode.swift; path = AccountCache.swift; sourceTree = "<group>"; };
		D8C7A9B21C5F211A00B37FAB /* TransactionCache.swift */ = {isa = PBXFileReference; fileEncoding = 4; lastKnownFileType = sourcecode.swift; path = TransactionCache.swift; sourceTree = "<group>"; };
/* End PBXFileReference section */

/* Begin PBXFrameworksBuildPhase section */
		D8C7A98D1C5F0F0E00B37FAB /* Frameworks */ = {
			isa = PBXFrameworksBuildPhase;
			buildActionMask = 2147483647;
			files = (
				D8A17AD11C8A10A600B0908D /* LocalAuthentication.framework in Frameworks */,
				D85E1B501C7D5A610094E8E8 /* CoreData.framework in Frameworks */,
			);
			runOnlyForDeploymentPostprocessing = 0;
		};
/* End PBXFrameworksBuildPhase section */

/* Begin PBXGroup section */
		D8C7A9871C5F0F0E00B37FAB = {
			isa = PBXGroup;
			children = (
				D8A17AD01C8A10A600B0908D /* LocalAuthentication.framework */,
				D85E1B4F1C7D5A610094E8E8 /* CoreData.framework */,
				D8C7A9921C5F0F0E00B37FAB /* Smart-Budget */,
				D8C7A9911C5F0F0E00B37FAB /* Products */,
			);
			sourceTree = "<group>";
		};
		D8C7A9911C5F0F0E00B37FAB /* Products */ = {
			isa = PBXGroup;
			children = (
				D8C7A9901C5F0F0E00B37FAB /* Smart-Budget.app */,
			);
			name = Products;
			sourceTree = "<group>";
		};
		D8C7A9921C5F0F0E00B37FAB /* Smart-Budget */ = {
			isa = PBXGroup;
			children = (
				D85E1B601C8557EA0094E8E8 /* BudgetCD.xcdatamodeld */,
				D8C7A9B41C5F374C00B37FAB /* Images */,
				D8C7A9AB1C5F18ED00B37FAB /* Model */,
				D8C7A9931C5F0F0E00B37FAB /* AppDelegate.swift */,
				D8C7A9951C5F0F0E00B37FAB /* SummaryViewController.swift */,
				D8C7A9971C5F0F0E00B37FAB /* AcctViewController.swift */,
				D8C7A9991C5F0F0E00B37FAB /* Main.storyboard */,
				D8C7A99C1C5F0F0E00B37FAB /* Assets.xcassets */,
				D8C7A99E1C5F0F0E00B37FAB /* LaunchScreen.storyboard */,
				D8C7A9A11C5F0F0E00B37FAB /* Info.plist */,
				D8C7A9A91C5F158400B37FAB /* TransViewController.swift */,
				D8A17AD21C8A115800B0908D /* Initial.storyboard */,
				D8A17AD41C8A120C00B0908D /* InitialViewController.swift */,
				D8520FA01C8BA31E003665FE /* SettingsViewController.swift */,
			);
			path = "Smart-Budget";
			sourceTree = "<group>";
		};
		D8C7A9AB1C5F18ED00B37FAB /* Model */ = {
			isa = PBXGroup;
			children = (
				D8A17AC41C87EB3900B0908D /* Settings.swift */,
				D8C7A9B01C5F210E00B37FAB /* AccountCache.swift */,
				D8C7A9B21C5F211A00B37FAB /* TransactionCache.swift */,
				D85241AD1C704A42007CE555 /* SummaryManager.swift */,
				D85E1B591C7D72360094E8E8 /* Account.swift */,
				D85E1B5B1C7D72360094E8E8 /* Transaction.swift */,
				D8A17ACA1C87EB7000B0908D /* Account+CoreDataProperties.swift */,
				D8A17ACB1C87EB7000B0908D /* Transaction+CoreDataProperties.swift */,
				D8A17ACC1C87EB7000B0908D /* Settings+CoreDataProperties.swift */,
				D8520F961C8B49C4003665FE /* SettingsManager.swift */,
			);
			name = Model;
			sourceTree = "<group>";
		};
		D8C7A9B41C5F374C00B37FAB /* Images */ = {
			isa = PBXGroup;
			children = (
				D8520F981C8B9740003665FE /* Accounts.png */,
				D8520F991C8B9740003665FE /* Settings.png */,
				D8520F9A1C8B9740003665FE /* Summary.png */,
				D8520F9B1C8B9740003665FE /* Transactions.png */,
			);
			name = Images;
			sourceTree = "<group>";
		};
/* End PBXGroup section */

/* Begin PBXNativeTarget section */
		D8C7A98F1C5F0F0E00B37FAB /* Smart-Budget */ = {
			isa = PBXNativeTarget;
			buildConfigurationList = D8C7A9A41C5F0F0E00B37FAB /* Build configuration list for PBXNativeTarget "Smart-Budget" */;
			buildPhases = (
				D8C7A98C1C5F0F0E00B37FAB /* Sources */,
				D8C7A98D1C5F0F0E00B37FAB /* Frameworks */,
				D8C7A98E1C5F0F0E00B37FAB /* Resources */,
			);
			buildRules = (
			);
			dependencies = (
			);
			name = "Smart-Budget";
			productName = "Smart-Budget";
			productReference = D8C7A9901C5F0F0E00B37FAB /* Smart-Budget.app */;
			productType = "com.apple.product-type.application";
		};
/* End PBXNativeTarget section */

/* Begin PBXProject section */
		D8C7A9881C5F0F0E00B37FAB /* Project object */ = {
			isa = PBXProject;
			attributes = {
				KnownAssetTags = (
					mainScreen,
					transactionList,
				);
				LastSwiftUpdateCheck = 0720;
				LastUpgradeCheck = 0720;
				ORGANIZATIONNAME = "Joseph Williams";
				TargetAttributes = {
					D8C7A98F1C5F0F0E00B37FAB = {
						CreatedOnToolsVersion = 7.2;
					};
				};
			};
			buildConfigurationList = D8C7A98B1C5F0F0E00B37FAB /* Build configuration list for PBXProject "Smart-Budget" */;
			compatibilityVersion = "Xcode 3.2";
			developmentRegion = English;
			hasScannedForEncodings = 0;
			knownRegions = (
				en,
				Base,
			);
			mainGroup = D8C7A9871C5F0F0E00B37FAB;
			productRefGroup = D8C7A9911C5F0F0E00B37FAB /* Products */;
			projectDirPath = "";
			projectRoot = "";
			targets = (
				D8C7A98F1C5F0F0E00B37FAB /* Smart-Budget */,
			);
		};
/* End PBXProject section */

/* Begin PBXResourcesBuildPhase section */
		D8C7A98E1C5F0F0E00B37FAB /* Resources */ = {
			isa = PBXResourcesBuildPhase;
			buildActionMask = 2147483647;
			files = (
				D8C7A9A01C5F0F0E00B37FAB /* LaunchScreen.storyboard in Resources */,
				D8520F9F1C8B9740003665FE /* Transactions.png in Resources */,
				D8520F9E1C8B9740003665FE /* Summary.png in Resources */,
				D8520F9D1C8B9740003665FE /* Settings.png in Resources */,
				D8C7A99D1C5F0F0E00B37FAB /* Assets.xcassets in Resources */,
				D8A17AD31C8A115800B0908D /* Initial.storyboard in Resources */,
				D8C7A99B1C5F0F0E00B37FAB /* Main.storyboard in Resources */,
				D8520F9C1C8B9740003665FE /* Accounts.png in Resources */,
			);
			runOnlyForDeploymentPostprocessing = 0;
		};
/* End PBXResourcesBuildPhase section */

/* Begin PBXSourcesBuildPhase section */
		D8C7A98C1C5F0F0E00B37FAB /* Sources */ = {
			isa = PBXSourcesBuildPhase;
			buildActionMask = 2147483647;
			files = (
				D8A17AD51C8A120C00B0908D /* InitialViewController.swift in Sources */,
				D8C7A9981C5F0F0E00B37FAB /* AcctViewController.swift in Sources */,
				D85E1B5D1C7D72360094E8E8 /* Account.swift in Sources */,
				D85E1B5F1C7D72360094E8E8 /* Transaction.swift in Sources */,
				D8C7A9B31C5F211A00B37FAB /* TransactionCache.swift in Sources */,
				D8C7A9941C5F0F0E00B37FAB /* AppDelegate.swift in Sources */,
				D8C7A9B11C5F210E00B37FAB /* AccountCache.swift in Sources */,
				D8A17ACD1C87EB7000B0908D /* Account+CoreDataProperties.swift in Sources */,
				D85241AE1C704A42007CE555 /* SummaryManager.swift in Sources */,
				D8A17ACF1C87EB7000B0908D /* Settings+CoreDataProperties.swift in Sources */,
				D8A17AC81C87EB3900B0908D /* Settings.swift in Sources */,
				D85E1B621C8557EA0094E8E8 /* BudgetCD.xcdatamodeld in Sources */,
				D8520FA11C8BA31E003665FE /* SettingsViewController.swift in Sources */,
				D8520F971C8B49C4003665FE /* SettingsManager.swift in Sources */,
				D8C7A9AA1C5F158400B37FAB /* TransViewController.swift in Sources */,
				D8C7A9961C5F0F0E00B37FAB /* SummaryViewController.swift in Sources */,
				D8A17ACE1C87EB7000B0908D /* Transaction+CoreDataProperties.swift in Sources */,
			);
			runOnlyForDeploymentPostprocessing = 0;
		};
/* End PBXSourcesBuildPhase section */

/* Begin PBXVariantGroup section */
		D8C7A9991C5F0F0E00B37FAB /* Main.storyboard */ = {
			isa = PBXVariantGroup;
			children = (
				D8C7A99A1C5F0F0E00B37FAB /* Base */,
			);
			name = Main.storyboard;
			sourceTree = "<group>";
		};
		D8C7A99E1C5F0F0E00B37FAB /* LaunchScreen.storyboard */ = {
			isa = PBXVariantGroup;
			children = (
				D8C7A99F1C5F0F0E00B37FAB /* Base */,
			);
			name = LaunchScreen.storyboard;
			sourceTree = "<group>";
		};
/* End PBXVariantGroup section */

/* Begin XCBuildConfiguration section */
		D8C7A9A21C5F0F0E00B37FAB /* Debug */ = {
			isa = XCBuildConfiguration;
			buildSettings = {
				ALWAYS_SEARCH_USER_PATHS = NO;
				CLANG_CXX_LANGUAGE_STANDARD = "gnu++0x";
				CLANG_CXX_LIBRARY = "libc++";
				CLANG_ENABLE_MODULES = YES;
				CLANG_ENABLE_OBJC_ARC = YES;
				CLANG_WARN_BOOL_CONVERSION = YES;
				CLANG_WARN_CONSTANT_CONVERSION = YES;
				CLANG_WARN_DIRECT_OBJC_ISA_USAGE = YES_ERROR;
				CLANG_WARN_EMPTY_BODY = YES;
				CLANG_WARN_ENUM_CONVERSION = YES;
				CLANG_WARN_INT_CONVERSION = YES;
				CLANG_WARN_OBJC_ROOT_CLASS = YES_ERROR;
				CLANG_WARN_UNREACHABLE_CODE = YES;
				CLANG_WARN__DUPLICATE_METHOD_MATCH = YES;
				"CODE_SIGN_IDENTITY[sdk=iphoneos*]" = "iPhone Developer";
				COPY_PHASE_STRIP = NO;
				DEBUG_INFORMATION_FORMAT = dwarf;
				ENABLE_STRICT_OBJC_MSGSEND = YES;
				ENABLE_TESTABILITY = YES;
				GCC_C_LANGUAGE_STANDARD = gnu99;
				GCC_DYNAMIC_NO_PIC = NO;
				GCC_NO_COMMON_BLOCKS = YES;
				GCC_OPTIMIZATION_LEVEL = 0;
				GCC_PREPROCESSOR_DEFINITIONS = (
					"DEBUG=1",
					"$(inherited)",
				);
				GCC_WARN_64_TO_32_BIT_CONVERSION = YES;
				GCC_WARN_ABOUT_RETURN_TYPE = YES_ERROR;
				GCC_WARN_UNDECLARED_SELECTOR = YES;
				GCC_WARN_UNINITIALIZED_AUTOS = YES_AGGRESSIVE;
				GCC_WARN_UNUSED_FUNCTION = YES;
				GCC_WARN_UNUSED_VARIABLE = YES;
				IPHONEOS_DEPLOYMENT_TARGET = 9.2;
				MTL_ENABLE_DEBUG_INFO = YES;
				ONLY_ACTIVE_ARCH = YES;
				SDKROOT = iphoneos;
				SWIFT_OPTIMIZATION_LEVEL = "-Onone";
				TARGETED_DEVICE_FAMILY = "1,2";
			};
			name = Debug;
		};
		D8C7A9A31C5F0F0E00B37FAB /* Release */ = {
			isa = XCBuildConfiguration;
			buildSettings = {
				ALWAYS_SEARCH_USER_PATHS = NO;
				CLANG_CXX_LANGUAGE_STANDARD = "gnu++0x";
				CLANG_CXX_LIBRARY = "libc++";
				CLANG_ENABLE_MODULES = YES;
				CLANG_ENABLE_OBJC_ARC = YES;
				CLANG_WARN_BOOL_CONVERSION = YES;
				CLANG_WARN_CONSTANT_CONVERSION = YES;
				CLANG_WARN_DIRECT_OBJC_ISA_USAGE = YES_ERROR;
				CLANG_WARN_EMPTY_BODY = YES;
				CLANG_WARN_ENUM_CONVERSION = YES;
				CLANG_WARN_INT_CONVERSION = YES;
				CLANG_WARN_OBJC_ROOT_CLASS = YES_ERROR;
				CLANG_WARN_UNREACHABLE_CODE = YES;
				CLANG_WARN__DUPLICATE_METHOD_MATCH = YES;
				"CODE_SIGN_IDENTITY[sdk=iphoneos*]" = "iPhone Developer";
				COPY_PHASE_STRIP = NO;
				DEBUG_INFORMATION_FORMAT = "dwarf-with-dsym";
				ENABLE_NS_ASSERTIONS = NO;
				ENABLE_STRICT_OBJC_MSGSEND = YES;
				GCC_C_LANGUAGE_STANDARD = gnu99;
				GCC_NO_COMMON_BLOCKS = YES;
				GCC_WARN_64_TO_32_BIT_CONVERSION = YES;
				GCC_WARN_ABOUT_RETURN_TYPE = YES_ERROR;
				GCC_WARN_UNDECLARED_SELECTOR = YES;
				GCC_WARN_UNINITIALIZED_AUTOS = YES_AGGRESSIVE;
				GCC_WARN_UNUSED_FUNCTION = YES;
				GCC_WARN_UNUSED_VARIABLE = YES;
				IPHONEOS_DEPLOYMENT_TARGET = 9.2;
				MTL_ENABLE_DEBUG_INFO = NO;
				SDKROOT = iphoneos;
				TARGETED_DEVICE_FAMILY = "1,2";
				VALIDATE_PRODUCT = YES;
			};
			name = Release;
		};
		D8C7A9A51C5F0F0E00B37FAB /* Debug */ = {
			isa = XCBuildConfiguration;
			buildSettings = {
				ASSETCATALOG_COMPILER_APPICON_NAME = AppIcon;
				CLANG_ENABLE_MODULES = YES;
				INFOPLIST_FILE = "Smart-Budget/Info.plist";
				LD_RUNPATH_SEARCH_PATHS = "$(inherited) @executable_path/Frameworks";
				PRODUCT_BUNDLE_IDENTIFIER = "com.newborngames.Smart-Budget";
				PRODUCT_NAME = "$(TARGET_NAME)";
				SWIFT_OPTIMIZATION_LEVEL = "-Onone";
			};
			name = Debug;
		};
		D8C7A9A61C5F0F0E00B37FAB /* Release */ = {
			isa = XCBuildConfiguration;
			buildSettings = {
				ASSETCATALOG_COMPILER_APPICON_NAME = AppIcon;
				CLANG_ENABLE_MODULES = YES;
				INFOPLIST_FILE = "Smart-Budget/Info.plist";
				LD_RUNPATH_SEARCH_PATHS = "$(inherited) @executable_path/Frameworks";
				PRODUCT_BUNDLE_IDENTIFIER = "com.newborngames.Smart-Budget";
				PRODUCT_NAME = "$(TARGET_NAME)";
			};
			name = Release;
		};
/* End XCBuildConfiguration section */

/* Begin XCConfigurationList section */
		D8C7A98B1C5F0F0E00B37FAB /* Build configuration list for PBXProject "Smart-Budget" */ = {
			isa = XCConfigurationList;
			buildConfigurations = (
				D8C7A9A21C5F0F0E00B37FAB /* Debug */,
				D8C7A9A31C5F0F0E00B37FAB /* Release */,
			);
			defaultConfigurationIsVisible = 0;
			defaultConfigurationName = Release;
		};
		D8C7A9A41C5F0F0E00B37FAB /* Build configuration list for PBXNativeTarget "Smart-Budget" */ = {
			isa = XCConfigurationList;
			buildConfigurations = (
				D8C7A9A51C5F0F0E00B37FAB /* Debug */,
				D8C7A9A61C5F0F0E00B37FAB /* Release */,
			);
			defaultConfigurationIsVisible = 0;
			defaultConfigurationName = Release;
		};
/* End XCConfigurationList section */

/* Begin XCVersionGroup section */
		D85E1B601C8557EA0094E8E8 /* BudgetCD.xcdatamodeld */ = {
			isa = XCVersionGroup;
			children = (
				D85E1B611C8557EA0094E8E8 /* BudgetCD.xcdatamodel */,
			);
			currentVersion = D85E1B611C8557EA0094E8E8 /* BudgetCD.xcdatamodel */;
			name = BudgetCD.xcdatamodeld;
			path = ../BudgetCD.xcdatamodeld;
			sourceTree = "<group>";
			versionGroupType = wrapper.xcdatamodel;
		};
/* End XCVersionGroup section */
	};
	rootObject = D8C7A9881C5F0F0E00B37FAB /* Project object */;
}
